
Microsoft Visual Studio Solution File, Format Version 12.00
# Visual Studio Version 16
VisualStudioVersion = 16.0.31105.61
MinimumVisualStudioVersion = 10.0.40219.1
Project("{8BC9CEB8-8B4A-11D0-8D11-00A0C91BC942}") = "线性表", "线性表\线性表.vcxproj", "{72A3AC71-2FB4-48A6-802E-47D26E7FF045}"
EndProject
Project("{8BC9CEB8-8B4A-11D0-8D11-00A0C91BC942}") = "栈与队列", "栈与队列\栈与队列.vcxproj", "{237B0E7D-9CE2-4916-AB17-99EBD3584D74}"
EndProject
Project("{8BC9CEB8-8B4A-11D0-8D11-00A0C91BC942}") = "树与二叉树", "树与二叉树\树与二叉树.vcxproj", "{2F916B02-FD27-4A45-B0B1-9243E6A2C292}"
EndProject
Global
	GlobalSection(SolutionConfigurationPlatforms) = preSolution
		Debug|x64 = Debug|x64
		Debug|x86 = Debug|x86
		Release|x64 = Release|x64
		Release|x86 = Release|x86
	EndGlobalSection
	GlobalSection(ProjectConfigurationPlatforms) = postSolution
		{72A3AC71-2FB4-48A6-802E-47D26E7FF045}.Debug|x64.ActiveCfg = Debug|x64
		{72A3AC71-2FB4-48A6-802E-47D26E7FF045}.Debug|x64.Build.0 = Debug|x64
		{72A3AC71-2FB4-48A6-802E-47D26E7FF045}.Debug|x86.ActiveCfg = Debug|Win32
		{72A3AC71-2FB4-48A6-802E-47D26E7FF045}.Debug|x86.Build.0 = Debug|Win32
		{72A3AC71-2FB4-48A6-802E-47D26E7FF045}.Release|x64.ActiveCfg = Release|x64
		{72A3AC71-2FB4-48A6-802E-47D26E7FF045}.Release|x64.Build.0 = Release|x64
		{72A3AC71-2FB4-48A6-802E-47D26E7FF045}.Release|x86.ActiveCfg = Release|Win32
		{72A3AC71-2FB4-48A6-802E-47D26E7FF045}.Release|x86.Build.0 = Release|Win32
		{237B0E7D-9CE2-4916-AB17-99EBD3584D74}.Debug|x64.ActiveCfg = Debug|x64
		{237B0E7D-9CE2-4916-AB17-99EBD3584D74}.Debug|x64.Build.0 = Debug|x64
		{237B0E7D-9CE2-4916-AB17-99EBD3584D74}.Debug|x86.ActiveCfg = Debug|Win32
		{237B0E7D-9CE2-4916-AB17-99EBD3584D74}.Debug|x86.Build.0 = Debug|Win32
		{237B0E7D-9CE2-4916-AB17-99EBD3584D74}.Release|x64.ActiveCfg = Release|x64
		{237B0E7D-9CE2-4916-AB17-99EBD3584D74}.Release|x64.Build.0 = Release|x64
		{237B0E7D-9CE2-4916-AB17-99EBD3584D74}.Release|x86.ActiveCfg = Release|Win32
		{237B0E7D-9CE2-4916-AB17-99EBD3584D74}.Release|x86.Build.0 = Release|Win32
		{2F916B02-FD27-4A45-B0B1-9243E6A2C292}.Debug|x64.ActiveCfg = Debug|x64
		{2F916B02-FD27-4A45-B0B1-9243E6A2C292}.Debug|x64.Build.0 = Debug|x64
		{2F916B02-FD27-4A45-B0B1-9243E6A2C292}.Debug|x86.ActiveCfg = Debug|Win32
		{2F916B02-FD27-4A45-B0B1-9243E6A2C292}.Debug|x86.Build.0 = Debug|Win32
		{2F916B02-FD27-4A45-B0B1-9243E6A2C292}.Release|x64.ActiveCfg = Release|x64
		{2F916B02-FD27-4A45-B0B1-9243E6A2C292}.Release|x64.Build.0 = Release|x64
		{2F916B02-FD27-4A45-B0B1-9243E6A2C292}.Release|x86.ActiveCfg = Release|Win32
		{2F916B02-FD27-4A45-B0B1-9243E6A2C292}.Release|x86.Build.0 = Release|Win32
	EndGlobalSection
	GlobalSection(SolutionProperties) = preSolution
		HideSolutionNode = FALSE
	EndGlobalSection
	GlobalSection(ExtensibilityGlobals) = postSolution
		SolutionGuid = {AB6C11CF-247D-49CF-A924-43BAB80F94B8}
	EndGlobalSection
EndGlobal
