<?xml version="1.0" encoding="utf-8"?>
<Project ToolsVersion="4.0" xmlns="http://schemas.microsoft.com/developer/msbuild/2003">
  <ItemGroup>
    <ClCompile Include="SequenceList\SequenceList.c" />
    <ClCompile Include="LinkedList\Ex_RemoveDuplicate.c" />
    <ClCompile Include="LinkedList\LinkedList.c" />
    <ClCompile Include="LinkedList\Ex_UnionList.c" />
  </ItemGroup>
</Project>